
Microsoft Visual Studio Solution File, Format Version 12.00
# Visual Studio Version 17
VisualStudioVersion = 17.10.34928.147
MinimumVisualStudioVersion = 10.0.40219.1
Project("{FAE04EC0-301F-11D3-BF4B-00C04F79EFBC}") = "ManageProducts.Forms", "src\ManageProducts.Forms\ManageProducts.Forms.csproj", "{6A4BF7FE-CB0E-4B05-AE74-B5DD2A125534}"
EndProject
Project("{FAE04EC0-301F-11D3-BF4B-00C04F79EFBC}") = "ManageProducts.Tests", "tests\ManageProducts.Tests\ManageProducts.Tests.csproj", "{0E16B069-4BC4-47E7-B1A2-99DDA8EBC809}"
EndProject
Global
	GlobalSection(SolutionConfigurationPlatforms) = preSolution
		Debug|Any CPU = Debug|Any CPU
		Release|Any CPU = Release|Any CPU
	EndGlobalSection
	GlobalSection(ProjectConfigurationPlatforms) = postSolution
		{6A4BF7FE-CB0E-4B05-AE74-B5DD2A125534}.Debug|Any CPU.ActiveCfg = Debug|Any CPU
		{6A4BF7FE-CB0E-4B05-AE74-B5DD2A125534}.Debug|Any CPU.Build.0 = Debug|Any CPU
		{6A4BF7FE-CB0E-4B05-AE74-B5DD2A125534}.Release|Any CPU.ActiveCfg = Release|Any CPU
		{6A4BF7FE-CB0E-4B05-AE74-B5DD2A125534}.Release|Any CPU.Build.0 = Release|Any CPU
		{0E16B069-4BC4-47E7-B1A2-99DDA8EBC809}.Debug|Any CPU.ActiveCfg = Debug|Any CPU
		{0E16B069-4BC4-47E7-B1A2-99DDA8EBC809}.Debug|Any CPU.Build.0 = Debug|Any CPU
		{0E16B069-4BC4-47E7-B1A2-99DDA8EBC809}.Release|Any CPU.ActiveCfg = Release|Any CPU
		{0E16B069-4BC4-47E7-B1A2-99DDA8EBC809}.Release|Any CPU.Build.0 = Release|Any CPU
	EndGlobalSection
	GlobalSection(SolutionProperties) = preSolution
		HideSolutionNode = FALSE
	EndGlobalSection
	GlobalSection(ExtensibilityGlobals) = postSolution
		SolutionGuid = {4FBE5EC8-05E1-4B15-A22C-8BC29B3F71B5}
	EndGlobalSection
EndGlobal
